<Solution>
  <Folder Name="/Solution Items/">
    <File Path=".editorconfig" />
    <File Path=".gitignore" />
    <File Path="Directory.Build.props" />
    <File Path="LICENSE" />
    <File Path="README.md" />
  </Folder>
  <Folder Name="/src/">
    <Project Path="src/MarketMania.Authentication/MarketMania.Authentication.csproj" />
    <Project Path="src/MarketMania.BusinessLayer/MarketMania.BusinessLayer.csproj" />
    <Project Path="src/MarketMania.Clients/MarketMania.Clients.csproj" />
    <Project Path="src/MarketMania.Contracts/MarketMania.Contracts.csproj" />
    <Project Path="src/MarketMania.DataAccessLayer/MarketMania.DataAccessLayer.csproj" />
    <Project Path="src/MarketMania.Database/MarketMania.Database.sqlproj" Id="3ec3d31d-bc0a-4bb8-a5e9-9b11010b127e">
      <Build />
      <Deploy />
    </Project>
    <Project Path="src/MarketMania.Security/MarketMania.Security.csproj" />
    <Project Path="src/MarketMania.Shared/MarketMania.Shared.csproj" />
    <Project Path="src/MarketMania.StorageProviders/MarketMania.StorageProviders.csproj" />
    <Project Path="src/MarketMania.TimeZoneProvider/MarketMania.TimeZoneProvider.csproj" Id="e2f224da-7bf0-4fe9-9a0d-889165862663" />
    <Project Path="src/MarketMania/MarketMania.csproj" />
  </Folder>
</Solution>